// !$*UTF8*$!
{
	archiveVersion = 1;
	classes = {
	};
	objectVersion = 50;
	objects = {

/* Begin PBXBuildFile section */
		249589D220791F4D00DF7F26 /* AppDelegate.swift in Sources */ = {isa = PBXBuildFile; fileRef = 249589D120791F4D00DF7F26 /* AppDelegate.swift */; };
		249589D420791F4D00DF7F26 /* ViewController.swift in Sources */ = {isa = PBXBuildFile; fileRef = 249589D320791F4D00DF7F26 /* ViewController.swift */; };
		249589D720791F4D00DF7F26 /* Main.storyboard in Resources */ = {isa = PBXBuildFile; fileRef = 249589D520791F4D00DF7F26 /* Main.storyboard */; };
		249589D920791F4E00DF7F26 /* Assets.xcassets in Resources */ = {isa = PBXBuildFile; fileRef = 249589D820791F4E00DF7F26 /* Assets.xcassets */; };
		249589DC20791F4E00DF7F26 /* LaunchScreen.storyboard in Resources */ = {isa = PBXBuildFile; fileRef = 249589DA20791F4E00DF7F26 /* LaunchScreen.storyboard */; };
		249589EA2079205300DF7F26 /* ActionViewController.swift in Sources */ = {isa = PBXBuildFile; fileRef = 249589E92079205300DF7F26 /* ActionViewController.swift */; };
		249589ED2079205300DF7F26 /* MainInterface.storyboard in Resources */ = {isa = PBXBuildFile; fileRef = 249589EB2079205300DF7F26 /* MainInterface.storyboard */; };
		249589F12079205300DF7F26 /* Extract Video.appex in Embed App Extensions */ = {isa = PBXBuildFile; fileRef = 249589E72079205300DF7F26 /* Extract Video.appex */; settings = {ATTRIBUTES = (RemoveHeadersOnCopy, ); }; };
		249589FA2079343700DF7F26 /* ExtractVideo.js in Resources */ = {isa = PBXBuildFile; fileRef = 249589F82079234900DF7F26 /* ExtractVideo.js */; };
/* End PBXBuildFile section */

/* Begin PBXContainerItemProxy section */
		249589EF2079205300DF7F26 /* PBXContainerItemProxy */ = {
			isa = PBXContainerItemProxy;
			containerPortal = 249589C620791F4D00DF7F26 /* Project object */;
			proxyType = 1;
			remoteGlobalIDString = 249589E62079205300DF7F26;
			remoteInfo = "Extract Video";
		};
/* End PBXContainerItemProxy section */

/* Begin PBXCopyFilesBuildPhase section */
		249589F52079205300DF7F26 /* Embed App Extensions */ = {
			isa = PBXCopyFilesBuildPhase;
			buildActionMask = 2147483647;
			dstPath = "";
			dstSubfolderSpec = 13;
			files = (
				249589F12079205300DF7F26 /* Extract Video.appex in Embed App Extensions */,
			);
			name = "Embed App Extensions";
			runOnlyForDeploymentPostprocessing = 0;
		};
/* End PBXCopyFilesBuildPhase section */

/* Begin PBXFileReference section */
		249589CE20791F4D00DF7F26 /* Videx.app */ = {isa = PBXFileReference; explicitFileType = wrapper.application; includeInIndex = 0; path = Videx.app; sourceTree = BUILT_PRODUCTS_DIR; };
		249589D120791F4D00DF7F26 /* AppDelegate.swift */ = {isa = PBXFileReference; lastKnownFileType = sourcecode.swift; path = AppDelegate.swift; sourceTree = "<group>"; };
		249589D320791F4D00DF7F26 /* ViewController.swift */ = {isa = PBXFileReference; lastKnownFileType = sourcecode.swift; path = ViewController.swift; sourceTree = "<group>"; };
		249589D620791F4D00DF7F26 /* Base */ = {isa = PBXFileReference; lastKnownFileType = file.storyboard; name = Base; path = Base.lproj/Main.storyboard; sourceTree = "<group>"; };
		249589D820791F4E00DF7F26 /* Assets.xcassets */ = {isa = PBXFileReference; lastKnownFileType = folder.assetcatalog; path = Assets.xcassets; sourceTree = "<group>"; };
		249589DB20791F4E00DF7F26 /* Base */ = {isa = PBXFileReference; lastKnownFileType = file.storyboard; name = Base; path = Base.lproj/LaunchScreen.storyboard; sourceTree = "<group>"; };
		249589DD20791F4E00DF7F26 /* Info.plist */ = {isa = PBXFileReference; lastKnownFileType = text.plist.xml; path = Info.plist; sourceTree = "<group>"; };
		249589E72079205300DF7F26 /* Extract Video.appex */ = {isa = PBXFileReference; explicitFileType = "wrapper.app-extension"; includeInIndex = 0; path = "Extract Video.appex"; sourceTree = BUILT_PRODUCTS_DIR; };
		249589E92079205300DF7F26 /* ActionViewController.swift */ = {isa = PBXFileReference; lastKnownFileType = sourcecode.swift; path = ActionViewController.swift; sourceTree = "<group>"; };
		249589EC2079205300DF7F26 /* Base */ = {isa = PBXFileReference; lastKnownFileType = file.storyboard; name = Base; path = Base.lproj/MainInterface.storyboard; sourceTree = "<group>"; };
		249589EE2079205300DF7F26 /* Info.plist */ = {isa = PBXFileReference; lastKnownFileType = text.plist.xml; path = Info.plist; sourceTree = "<group>"; };
		249589F82079234900DF7F26 /* ExtractVideo.js */ = {isa = PBXFileReference; lastKnownFileType = sourcecode.javascript; path = ExtractVideo.js; sourceTree = "<group>"; };
/* End PBXFileReference section */

/* Begin PBXFrameworksBuildPhase section */
		249589CB20791F4D00DF7F26 /* Frameworks */ = {
			isa = PBXFrameworksBuildPhase;
			buildActionMask = 2147483647;
			files = (
			);
			runOnlyForDeploymentPostprocessing = 0;
		};
		249589E42079205300DF7F26 /* Frameworks */ = {
			isa = PBXFrameworksBuildPhase;
			buildActionMask = 2147483647;
			files = (
			);
			runOnlyForDeploymentPostprocessing = 0;
		};
/* End PBXFrameworksBuildPhase section */

/* Begin PBXGroup section */
		249589C520791F4D00DF7F26 = {
			isa = PBXGroup;
			children = (
				249589D020791F4D00DF7F26 /* Videx */,
				249589E82079205300DF7F26 /* Extract Video */,
				249589CF20791F4D00DF7F26 /* Products */,
			);
			sourceTree = "<group>";
		};
		249589CF20791F4D00DF7F26 /* Products */ = {
			isa = PBXGroup;
			children = (
				249589CE20791F4D00DF7F26 /* Videx.app */,
				249589E72079205300DF7F26 /* Extract Video.appex */,
			);
			name = Products;
			sourceTree = "<group>";
		};
		249589D020791F4D00DF7F26 /* Videx */ = {
			isa = PBXGroup;
			children = (
				249589D120791F4D00DF7F26 /* AppDelegate.swift */,
				249589D320791F4D00DF7F26 /* ViewController.swift */,
				249589D520791F4D00DF7F26 /* Main.storyboard */,
				249589D820791F4E00DF7F26 /* Assets.xcassets */,
				249589DA20791F4E00DF7F26 /* LaunchScreen.storyboard */,
				249589DD20791F4E00DF7F26 /* Info.plist */,
			);
			path = Videx;
			sourceTree = "<group>";
		};
		249589E82079205300DF7F26 /* Extract Video */ = {
			isa = PBXGroup;
			children = (
				249589E92079205300DF7F26 /* ActionViewController.swift */,
				249589EB2079205300DF7F26 /* MainInterface.storyboard */,
				249589EE2079205300DF7F26 /* Info.plist */,
				249589F82079234900DF7F26 /* ExtractVideo.js */,
			);
			path = "Extract Video";
			sourceTree = "<group>";
		};
/* End PBXGroup section */

/* Begin PBXNativeTarget section */
		249589CD20791F4D00DF7F26 /* Videx */ = {
			isa = PBXNativeTarget;
			buildConfigurationList = 249589E020791F4E00DF7F26 /* Build configuration list for PBXNativeTarget "Videx" */;
			buildPhases = (
				249589CA20791F4D00DF7F26 /* Sources */,
				249589CB20791F4D00DF7F26 /* Frameworks */,
				249589CC20791F4D00DF7F26 /* Resources */,
				249589F52079205300DF7F26 /* Embed App Extensions */,
			);
			buildRules = (
			);
			dependencies = (
				249589F02079205300DF7F26 /* PBXTargetDependency */,
			);
			name = Videx;
			productName = Videx;
			productReference = 249589CE20791F4D00DF7F26 /* Videx.app */;
			productType = "com.apple.product-type.application";
		};
		249589E62079205300DF7F26 /* Extract Video */ = {
			isa = PBXNativeTarget;
			buildConfigurationList = 249589F22079205300DF7F26 /* Build configuration list for PBXNativeTarget "Extract Video" */;
			buildPhases = (
				249589E32079205300DF7F26 /* Sources */,
				249589E42079205300DF7F26 /* Frameworks */,
				249589E52079205300DF7F26 /* Resources */,
			);
			buildRules = (
			);
			dependencies = (
			);
			name = "Extract Video";
			productName = "Extract Video";
			productReference = 249589E72079205300DF7F26 /* Extract Video.appex */;
			productType = "com.apple.product-type.app-extension";
		};
/* End PBXNativeTarget section */

/* Begin PBXProject section */
		249589C620791F4D00DF7F26 /* Project object */ = {
			isa = PBXProject;
			attributes = {
				LastSwiftUpdateCheck = 0930;
				LastUpgradeCheck = 0930;
				ORGANIZATIONNAME = nik;
				TargetAttributes = {
					249589CD20791F4D00DF7F26 = {
						CreatedOnToolsVersion = 9.3;
					};
					249589E62079205300DF7F26 = {
						CreatedOnToolsVersion = 9.3;
					};
				};
			};
			buildConfigurationList = 249589C920791F4D00DF7F26 /* Build configuration list for PBXProject "Videx" */;
			compatibilityVersion = "Xcode 9.3";
			developmentRegion = en;
			hasScannedForEncodings = 0;
			knownRegions = (
				en,
				Base,
			);
			mainGroup = 249589C520791F4D00DF7F26;
			productRefGroup = 249589CF20791F4D00DF7F26 /* Products */;
			projectDirPath = "";
			projectRoot = "";
			targets = (
				249589CD20791F4D00DF7F26 /* Videx */,
				249589E62079205300DF7F26 /* Extract Video */,
			);
		};
/* End PBXProject section */

/* Begin PBXResourcesBuildPhase section */
		249589CC20791F4D00DF7F26 /* Resources */ = {
			isa = PBXResourcesBuildPhase;
			buildActionMask = 2147483647;
			files = (
				249589DC20791F4E00DF7F26 /* LaunchScreen.storyboard in Resources */,
				249589D920791F4E00DF7F26 /* Assets.xcassets in Resources */,
				249589D720791F4D00DF7F26 /* Main.storyboard in Resources */,
			);
			runOnlyForDeploymentPostprocessing = 0;
		};
		249589E52079205300DF7F26 /* Resources */ = {
			isa = PBXResourcesBuildPhase;
			buildActionMask = 2147483647;
			files = (
				249589FA2079343700DF7F26 /* ExtractVideo.js in Resources */,
				249589ED2079205300DF7F26 /* MainInterface.storyboard in Resources */,
			);
			runOnlyForDeploymentPostprocessing = 0;
		};
/* End PBXResourcesBuildPhase section */

/* Begin PBXSourcesBuildPhase section */
		249589CA20791F4D00DF7F26 /* Sources */ = {
			isa = PBXSourcesBuildPhase;
			buildActionMask = 2147483647;
			files = (
				249589D420791F4D00DF7F26 /* ViewController.swift in Sources */,
				249589D220791F4D00DF7F26 /* AppDelegate.swift in Sources */,
			);
			runOnlyForDeploymentPostprocessing = 0;
		};
		249589E32079205300DF7F26 /* Sources */ = {
			isa = PBXSourcesBuildPhase;
			buildActionMask = 2147483647;
			files = (
				249589EA2079205300DF7F26 /* ActionViewController.swift in Sources */,
			);
			runOnlyForDeploymentPostprocessing = 0;
		};
/* End PBXSourcesBuildPhase section */

/* Begin PBXTargetDependency section */
		249589F02079205300DF7F26 /* PBXTargetDependency */ = {
			isa = PBXTargetDependency;
			target = 249589E62079205300DF7F26 /* Extract Video */;
			targetProxy = 249589EF2079205300DF7F26 /* PBXContainerItemProxy */;
		};
/* End PBXTargetDependency section */

/* Begin PBXVariantGroup section */
		249589D520791F4D00DF7F26 /* Main.storyboard */ = {
			isa = PBXVariantGroup;
			children = (
				249589D620791F4D00DF7F26 /* Base */,
			);
			name = Main.storyboard;
			sourceTree = "<group>";
		};
		249589DA20791F4E00DF7F26 /* LaunchScreen.storyboard */ = {
			isa = PBXVariantGroup;
			children = (
				249589DB20791F4E00DF7F26 /* Base */,
			);
			name = LaunchScreen.storyboard;
			sourceTree = "<group>";
		};
		249589EB2079205300DF7F26 /* MainInterface.storyboard */ = {
			isa = PBXVariantGroup;
			children = (
				249589EC2079205300DF7F26 /* Base */,
			);
			name = MainInterface.storyboard;
			sourceTree = "<group>";
		};
/* End PBXVariantGroup section */

/* Begin XCBuildConfiguration section */
		249589DE20791F4E00DF7F26 /* Debug */ = {
			isa = XCBuildConfiguration;
			buildSettings = {
				ALWAYS_SEARCH_USER_PATHS = NO;
				CLANG_ANALYZER_NONNULL = YES;
				CLANG_ANALYZER_NUMBER_OBJECT_CONVERSION = YES_AGGRESSIVE;
				CLANG_CXX_LANGUAGE_STANDARD = "gnu++14";
				CLANG_CXX_LIBRARY = "libc++";
				CLANG_ENABLE_MODULES = YES;
				CLANG_ENABLE_OBJC_ARC = YES;
				CLANG_ENABLE_OBJC_WEAK = YES;
				CLANG_WARN_BLOCK_CAPTURE_AUTORELEASING = YES;
				CLANG_WARN_BOOL_CONVERSION = YES;
				CLANG_WARN_COMMA = YES;
				CLANG_WARN_CONSTANT_CONVERSION = YES;
				CLANG_WARN_DEPRECATED_OBJC_IMPLEMENTATIONS = YES;
				CLANG_WARN_DIRECT_OBJC_ISA_USAGE = YES_ERROR;
				CLANG_WARN_DOCUMENTATION_COMMENTS = YES;
				CLANG_WARN_EMPTY_BODY = YES;
				CLANG_WARN_ENUM_CONVERSION = YES;
				CLANG_WARN_INFINITE_RECURSION = YES;
				CLANG_WARN_INT_CONVERSION = YES;
				CLANG_WARN_NON_LITERAL_NULL_CONVERSION = YES;
				CLANG_WARN_OBJC_IMPLICIT_RETAIN_SELF = YES;
				CLANG_WARN_OBJC_LITERAL_CONVERSION = YES;
				CLANG_WARN_OBJC_ROOT_CLASS = YES_ERROR;
				CLANG_WARN_RANGE_LOOP_ANALYSIS = YES;
				CLANG_WARN_STRICT_PROTOTYPES = YES;
				CLANG_WARN_SUSPICIOUS_MOVE = YES;
				CLANG_WARN_UNGUARDED_AVAILABILITY = YES_AGGRESSIVE;
				CLANG_WARN_UNREACHABLE_CODE = YES;
				CLANG_WARN__DUPLICATE_METHOD_MATCH = YES;
				CODE_SIGN_IDENTITY = "iPhone Developer";
				COPY_PHASE_STRIP = NO;
				DEBUG_INFORMATION_FORMAT = dwarf;
				ENABLE_STRICT_OBJC_MSGSEND = YES;
				ENABLE_TESTABILITY = YES;
				GCC_C_LANGUAGE_STANDARD = gnu11;
				GCC_DYNAMIC_NO_PIC = NO;
				GCC_NO_COMMON_BLOCKS = YES;
				GCC_OPTIMIZATION_LEVEL = 0;
				GCC_PREPROCESSOR_DEFINITIONS = (
					"DEBUG=1",
					"$(inherited)",
				);
				GCC_WARN_64_TO_32_BIT_CONVERSION = YES;
				GCC_WARN_ABOUT_RETURN_TYPE = YES_ERROR;
				GCC_WARN_UNDECLARED_SELECTOR = YES;
				GCC_WARN_UNINITIALIZED_AUTOS = YES_AGGRESSIVE;
				GCC_WARN_UNUSED_FUNCTION = YES;
				GCC_WARN_UNUSED_VARIABLE = YES;
				IPHONEOS_DEPLOYMENT_TARGET = 11.3;
				MTL_ENABLE_DEBUG_INFO = YES;
				ONLY_ACTIVE_ARCH = YES;
				SDKROOT = iphoneos;
				SWIFT_ACTIVE_COMPILATION_CONDITIONS = DEBUG;
				SWIFT_OPTIMIZATION_LEVEL = "-Onone";
			};
			name = Debug;
		};
		249589DF20791F4E00DF7F26 /* Release */ = {
			isa = XCBuildConfiguration;
			buildSettings = {
				ALWAYS_SEARCH_USER_PATHS = NO;
				CLANG_ANALYZER_NONNULL = YES;
				CLANG_ANALYZER_NUMBER_OBJECT_CONVERSION = YES_AGGRESSIVE;
				CLANG_CXX_LANGUAGE_STANDARD = "gnu++14";
				CLANG_CXX_LIBRARY = "libc++";
				CLANG_ENABLE_MODULES = YES;
				CLANG_ENABLE_OBJC_ARC = YES;
				CLANG_ENABLE_OBJC_WEAK = YES;
				CLANG_WARN_BLOCK_CAPTURE_AUTORELEASING = YES;
				CLANG_WARN_BOOL_CONVERSION = YES;
				CLANG_WARN_COMMA = YES;
				CLANG_WARN_CONSTANT_CONVERSION = YES;
				CLANG_WARN_DEPRECATED_OBJC_IMPLEMENTATIONS = YES;
				CLANG_WARN_DIRECT_OBJC_ISA_USAGE = YES_ERROR;
				CLANG_WARN_DOCUMENTATION_COMMENTS = YES;
				CLANG_WARN_EMPTY_BODY = YES;
				CLANG_WARN_ENUM_CONVERSION = YES;
				CLANG_WARN_INFINITE_RECURSION = YES;
				CLANG_WARN_INT_CONVERSION = YES;
				CLANG_WARN_NON_LITERAL_NULL_CONVERSION = YES;
				CLANG_WARN_OBJC_IMPLICIT_RETAIN_SELF = YES;
				CLANG_WARN_OBJC_LITERAL_CONVERSION = YES;
				CLANG_WARN_OBJC_ROOT_CLASS = YES_ERROR;
				CLANG_WARN_RANGE_LOOP_ANALYSIS = YES;
				CLANG_WARN_STRICT_PROTOTYPES = YES;
				CLANG_WARN_SUSPICIOUS_MOVE = YES;
				CLANG_WARN_UNGUARDED_AVAILABILITY = YES_AGGRESSIVE;
				CLANG_WARN_UNREACHABLE_CODE = YES;
				CLANG_WARN__DUPLICATE_METHOD_MATCH = YES;
				CODE_SIGN_IDENTITY = "iPhone Developer";
				COPY_PHASE_STRIP = NO;
				DEBUG_INFORMATION_FORMAT = "dwarf-with-dsym";
				ENABLE_NS_ASSERTIONS = NO;
				ENABLE_STRICT_OBJC_MSGSEND = YES;
				GCC_C_LANGUAGE_STANDARD = gnu11;
				GCC_NO_COMMON_BLOCKS = YES;
				GCC_WARN_64_TO_32_BIT_CONVERSION = YES;
				GCC_WARN_ABOUT_RETURN_TYPE = YES_ERROR;
				GCC_WARN_UNDECLARED_SELECTOR = YES;
				GCC_WARN_UNINITIALIZED_AUTOS = YES_AGGRESSIVE;
				GCC_WARN_UNUSED_FUNCTION = YES;
				GCC_WARN_UNUSED_VARIABLE = YES;
				IPHONEOS_DEPLOYMENT_TARGET = 11.3;
				MTL_ENABLE_DEBUG_INFO = NO;
				SDKROOT = iphoneos;
				SWIFT_COMPILATION_MODE = wholemodule;
				SWIFT_OPTIMIZATION_LEVEL = "-O";
				VALIDATE_PRODUCT = YES;
			};
			name = Release;
		};
		249589E120791F4E00DF7F26 /* Debug */ = {
			isa = XCBuildConfiguration;
			buildSettings = {
				ALWAYS_EMBED_SWIFT_STANDARD_LIBRARIES = YES;
				ASSETCATALOG_COMPILER_APPICON_NAME = AppIcon;
				CODE_SIGN_STYLE = Automatic;
				DEVELOPMENT_TEAM = AAPBC93DAB;
				INFOPLIST_FILE = Videx/Info.plist;
				LD_RUNPATH_SEARCH_PATHS = (
					"$(inherited)",
					"@executable_path/Frameworks",
				);
				PRODUCT_BUNDLE_IDENTIFIER = "uk.vangerow.videx-app";
				PRODUCT_NAME = "$(TARGET_NAME)";
				SWIFT_VERSION = 4.0;
				TARGETED_DEVICE_FAMILY = "1,2";
			};
			name = Debug;
		};
		249589E220791F4E00DF7F26 /* Release */ = {
			isa = XCBuildConfiguration;
			buildSettings = {
				ALWAYS_EMBED_SWIFT_STANDARD_LIBRARIES = YES;
				ASSETCATALOG_COMPILER_APPICON_NAME = AppIcon;
				CODE_SIGN_STYLE = Automatic;
				DEVELOPMENT_TEAM = AAPBC93DAB;
				INFOPLIST_FILE = Videx/Info.plist;
				LD_RUNPATH_SEARCH_PATHS = (
					"$(inherited)",
					"@executable_path/Frameworks",
				);
				PRODUCT_BUNDLE_IDENTIFIER = "uk.vangerow.videx-app";
				PRODUCT_NAME = "$(TARGET_NAME)";
				SWIFT_VERSION = 4.0;
				TARGETED_DEVICE_FAMILY = "1,2";
			};
			name = Release;
		};
		249589F32079205300DF7F26 /* Debug */ = {
			isa = XCBuildConfiguration;
			buildSettings = {
				CODE_SIGN_STYLE = Automatic;
				DEVELOPMENT_TEAM = AAPBC93DAB;
				INFOPLIST_FILE = "Extract Video/Info.plist";
				LD_RUNPATH_SEARCH_PATHS = (
					"$(inherited)",
					"@executable_path/Frameworks",
					"@executable_path/../../Frameworks",
				);
				PRODUCT_BUNDLE_IDENTIFIER = "uk.vangerow.videx-app.Extract-Video";
				PRODUCT_NAME = "$(TARGET_NAME)";
				SKIP_INSTALL = YES;
				SWIFT_VERSION = 4.0;
				TARGETED_DEVICE_FAMILY = "1,2";
			};
			name = Debug;
		};
		249589F42079205300DF7F26 /* Release */ = {
			isa = XCBuildConfiguration;
			buildSettings = {
				CODE_SIGN_STYLE = Automatic;
				DEVELOPMENT_TEAM = AAPBC93DAB;
				INFOPLIST_FILE = "Extract Video/Info.plist";
				LD_RUNPATH_SEARCH_PATHS = (
					"$(inherited)",
					"@executable_path/Frameworks",
					"@executable_path/../../Frameworks",
				);
				PRODUCT_BUNDLE_IDENTIFIER = "uk.vangerow.videx-app.Extract-Video";
				PRODUCT_NAME = "$(TARGET_NAME)";
				SKIP_INSTALL = YES;
				SWIFT_VERSION = 4.0;
				TARGETED_DEVICE_FAMILY = "1,2";
			};
			name = Release;
		};
/* End XCBuildConfiguration section */

/* Begin XCConfigurationList section */
		249589C920791F4D00DF7F26 /* Build configuration list for PBXProject "Videx" */ = {
			isa = XCConfigurationList;
			buildConfigurations = (
				249589DE20791F4E00DF7F26 /* Debug */,
				249589DF20791F4E00DF7F26 /* Release */,
			);
			defaultConfigurationIsVisible = 0;
			defaultConfigurationName = Release;
		};
		249589E020791F4E00DF7F26 /* Build configuration list for PBXNativeTarget "Videx" */ = {
			isa = XCConfigurationList;
			buildConfigurations = (
				249589E120791F4E00DF7F26 /* Debug */,
				249589E220791F4E00DF7F26 /* Release */,
			);
			defaultConfigurationIsVisible = 0;
			defaultConfigurationName = Release;
		};
		249589F22079205300DF7F26 /* Build configuration list for PBXNativeTarget "Extract Video" */ = {
			isa = XCConfigurationList;
			buildConfigurations = (
				249589F32079205300DF7F26 /* Debug */,
				249589F42079205300DF7F26 /* Release */,
			);
			defaultConfigurationIsVisible = 0;
			defaultConfigurationName = Release;
		};
/* End XCConfigurationList section */
	};
	rootObject = 249589C620791F4D00DF7F26 /* Project object */;
}
